
Microsoft Visual Studio Solution File, Format Version 12.00
# Visual Studio Version 17
VisualStudioVersion = 17.6.33723.286
MinimumVisualStudioVersion = 10.0.40219.1
Project("{FAE04EC0-301F-11D3-BF4B-00C04F79EFBC}") = "tckimliknosorgulama", "tckimliknosorgulama\tckimliknosorgulama.csproj", "{57C9AB71-3CB2-4BD6-8F61-BF56AA841F97}"
EndProject
Global
	GlobalSection(SolutionConfigurationPlatforms) = preSolution
		Debug|Any CPU = Debug|Any CPU
		Release|Any CPU = Release|Any CPU
	EndGlobalSection
	GlobalSection(ProjectConfigurationPlatforms) = postSolution
		{57C9AB71-3CB2-4BD6-8F61-BF56AA841F97}.Debug|Any CPU.ActiveCfg = Debug|Any CPU
		{57C9AB71-3CB2-4BD6-8F61-BF56AA841F97}.Debug|Any CPU.Build.0 = Debug|Any CPU
		{57C9AB71-3CB2-4BD6-8F61-BF56AA841F97}.Release|Any CPU.ActiveCfg = Release|Any CPU
		{57C9AB71-3CB2-4BD6-8F61-BF56AA841F97}.Release|Any CPU.Build.0 = Release|Any CPU
	EndGlobalSection
	GlobalSection(SolutionProperties) = preSolution
		HideSolutionNode = FALSE
	EndGlobalSection
	GlobalSection(ExtensibilityGlobals) = postSolution
		SolutionGuid = {C0045F3C-F93A-4C0B-BB37-33CB22BC0DF1}
	EndGlobalSection
EndGlobal
